
Microsoft Visual Studio Solution File, Format Version 12.00
# Visual Studio Version 17
VisualStudioVersion = 17.9.34622.214
MinimumVisualStudioVersion = 10.0.40219.1
Project("{9A19103F-16F7-4668-BE54-9A1E7A4F7556}") = "Course-WebAPI", "Course-WebAPI\Course-WebAPI.csproj", "{25C9011E-FD20-4677-8478-69BD850C7E78}"
EndProject
Project("{FAE04EC0-301F-11D3-BF4B-00C04F79EFBC}") = "Infrastructure", "Infrastructure\Infrastructure.csproj", "{580CE1FB-7EB7-4A40-B02F-CC0E818421D8}"
EndProject
Global
	GlobalSection(SolutionConfigurationPlatforms) = preSolution
		Debug|Any CPU = Debug|Any CPU
		Release|Any CPU = Release|Any CPU
	EndGlobalSection
	GlobalSection(ProjectConfigurationPlatforms) = postSolution
		{25C9011E-FD20-4677-8478-69BD850C7E78}.Debug|Any CPU.ActiveCfg = Debug|Any CPU
		{25C9011E-FD20-4677-8478-69BD850C7E78}.Debug|Any CPU.Build.0 = Debug|Any CPU
		{25C9011E-FD20-4677-8478-69BD850C7E78}.Release|Any CPU.ActiveCfg = Release|Any CPU
		{25C9011E-FD20-4677-8478-69BD850C7E78}.Release|Any CPU.Build.0 = Release|Any CPU
		{580CE1FB-7EB7-4A40-B02F-CC0E818421D8}.Debug|Any CPU.ActiveCfg = Debug|Any CPU
		{580CE1FB-7EB7-4A40-B02F-CC0E818421D8}.Debug|Any CPU.Build.0 = Debug|Any CPU
		{580CE1FB-7EB7-4A40-B02F-CC0E818421D8}.Release|Any CPU.ActiveCfg = Release|Any CPU
		{580CE1FB-7EB7-4A40-B02F-CC0E818421D8}.Release|Any CPU.Build.0 = Release|Any CPU
	EndGlobalSection
	GlobalSection(SolutionProperties) = preSolution
		HideSolutionNode = FALSE
	EndGlobalSection
	GlobalSection(ExtensibilityGlobals) = postSolution
		SolutionGuid = {9C937190-ACB8-4EE8-904E-0D8BE6ACD13B}
	EndGlobalSection
EndGlobal
