
Microsoft Visual Studio Solution File, Format Version 12.00
# Visual Studio Version 17
VisualStudioVersion = 17.9.34622.214
MinimumVisualStudioVersion = 10.0.40219.1
Project("{FAE04EC0-301F-11D3-BF4B-00C04F79EFBC}") = "Subscribe-WebAPI", "Subscribe-WebAPI\Subscribe-WebAPI.csproj", "{84CE1AAE-A913-480C-AA25-F88EEE48BE06}"
EndProject
Global
	GlobalSection(SolutionConfigurationPlatforms) = preSolution
		Debug|Any CPU = Debug|Any CPU
		Release|Any CPU = Release|Any CPU
	EndGlobalSection
	GlobalSection(ProjectConfigurationPlatforms) = postSolution
		{84CE1AAE-A913-480C-AA25-F88EEE48BE06}.Debug|Any CPU.ActiveCfg = Debug|Any CPU
		{84CE1AAE-A913-480C-AA25-F88EEE48BE06}.Debug|Any CPU.Build.0 = Debug|Any CPU
		{84CE1AAE-A913-480C-AA25-F88EEE48BE06}.Release|Any CPU.ActiveCfg = Release|Any CPU
		{84CE1AAE-A913-480C-AA25-F88EEE48BE06}.Release|Any CPU.Build.0 = Release|Any CPU
	EndGlobalSection
	GlobalSection(SolutionProperties) = preSolution
		HideSolutionNode = FALSE
	EndGlobalSection
	GlobalSection(ExtensibilityGlobals) = postSolution
		SolutionGuid = {1617743D-95A1-425E-9AE0-AE8ED116F681}
	EndGlobalSection
EndGlobal
